
Microsoft Visual Studio Solution File, Format Version 12.00
# Visual Studio Version 17
VisualStudioVersion = 17.1.32328.378
MinimumVisualStudioVersion = 10.0.40219.1
Project("{9A19103F-16F7-4668-BE54-9A1E7A4F7556}") = "BoysheO.Extensions.AspNetCore", "BoysheO.Extensions.AspNetCore\BoysheO.Extensions.AspNetCore.csproj", "{7D081189-D493-4587-B230-0463854A7F46}"
EndProject
Project("{9A19103F-16F7-4668-BE54-9A1E7A4F7556}") = "BoysheO.Extensions.DependencyInjection", "BoysheO.Extensions.DependencyInjection\BoysheO.Extensions.DependencyInjection.csproj", "{2AC570CD-855C-4916-80F8-C16F39243AA0}"
EndProject
Project("{9A19103F-16F7-4668-BE54-9A1E7A4F7556}") = "BoysheO.Extensions.Hosting", "BoysheO.Extensions.Hosting\BoysheO.Extensions.Hosting.csproj", "{425B0574-A0C9-42FB-A8B0-6C68D1C56A22}"
EndProject
Project("{9A19103F-16F7-4668-BE54-9A1E7A4F7556}") = "BoysheO.Extensions.Unity3D.Abstractions", "BoysheO.Extensions.Unity3D.Abstractions\BoysheO.Extensions.Unity3D.Abstractions.csproj", "{2E4D7614-0F90-42D4-B343-CDE94B45DE58}"
EndProject
Project("{9A19103F-16F7-4668-BE54-9A1E7A4F7556}") = "BoysheO.Extensions.Mongo", "BoysheO.Extensions.Mongo\BoysheO.Extensions.Mongo.csproj", "{1E1A60FF-FDDE-4AAE-B8FD-343A79199979}"
EndProject
Project("{9A19103F-16F7-4668-BE54-9A1E7A4F7556}") = "BoysheO.Extensions.System.Text.Json", "BoysheO.Extensions.System.Text.Json\BoysheO.Extensions.System.Text.Json.csproj", "{804D73A8-1F21-4FCF-9138-997A8B4B9ADA}"
EndProject
Project("{9A19103F-16F7-4668-BE54-9A1E7A4F7556}") = "BoysheO.Extensions.Unity3DCore", "BoysheO.Extensions.Unity3DCore\BoysheO.Extensions.Unity3DCore.csproj", "{1B8A4EFB-AE33-48D1-AEA9-643C633FCECC}"
EndProject
Project("{9A19103F-16F7-4668-BE54-9A1E7A4F7556}") = "BoysheO.Extensions.Test", "BoysheO.Extensions.Test\BoysheO.Extensions.Test.csproj", "{9826423C-1F30-4B60-ABF6-4E19D3F93C04}"
EndProject
Project("{2150E333-8FDC-42A3-9474-1A3956D46DE8}") = "BoysheO.Extensions", "BoysheO.Extensions", "{56BAB76C-23F6-449F-BDAD-381988174FFE}"
EndProject
Project("{9A19103F-16F7-4668-BE54-9A1E7A4F7556}") = "BoysheO.Extensions", "BoysheO.Extensions\BoysheO.Extensions.csproj", "{5C1C5C26-83AE-4B09-ADA6-141A3FF367FB}"
EndProject
Project("{9A19103F-16F7-4668-BE54-9A1E7A4F7556}") = "BoysheO.Extensions.Benchmark", "BoysheO.Extensions.Benchmark\BoysheO.Extensions.Benchmark.csproj", "{1AEDAE67-CDA4-4FAB-875A-8441D1E57EBD}"
EndProject
Project("{9A19103F-16F7-4668-BE54-9A1E7A4F7556}") = "BoysheO.Extensions.Primitives", "BoysheO.Extensions.Primitives\BoysheO.Extensions.Primitives.csproj", "{C18A224F-157A-4815-B764-5104AC591DF7}"
EndProject
Project("{9A19103F-16F7-4668-BE54-9A1E7A4F7556}") = "BoysheO.Extensions.Math", "BoysheO.Extensions.Math\BoysheO.Extensions.Math.csproj", "{DF017C25-E353-4D74-9EE8-33569B1A6A95}"
EndProject
Project("{9A19103F-16F7-4668-BE54-9A1E7A4F7556}") = "JsonConfigRepo", "JsonConfigRepo\JsonConfigRepo.csproj", "{41FF60DC-5E63-4942-A268-4A6650D07077}"
EndProject
Project("{9A19103F-16F7-4668-BE54-9A1E7A4F7556}") = "JsonConfigRepo.Extensions.DependencyInjection", "JsonConfigRepo.Extensions.DependencyInjection\JsonConfigRepo.Extensions.DependencyInjection.csproj", "{27A937FC-3C71-43FB-8244-9C43077E3B32}"
EndProject
Project("{9A19103F-16F7-4668-BE54-9A1E7A4F7556}") = "PooledReactiveCollection", "PooledReactiveCollection\PooledReactiveCollection.csproj", "{2CA50171-5432-4A2B-AA37-797547BF17B7}"
EndProject
Project("{9A19103F-16F7-4668-BE54-9A1E7A4F7556}") = "TimeOnlyAndDateOnly", "TimeOnlyAndDateOnly\TimeOnlyAndDateOnly.csproj", "{93659DEA-A411-4527-A101-89CEED2DDB7D}"
EndProject
Project("{9A19103F-16F7-4668-BE54-9A1E7A4F7556}") = "DateAndTime", "DateAndTime\DateAndTime.csproj", "{7596C02D-DB09-4B01-A7B6-E0A44972A0AC}"
EndProject
Project("{9A19103F-16F7-4668-BE54-9A1E7A4F7556}") = "BoysheO.Buffer.SimpleListPool", "BoysheO.Buffer.SimpleListPool\BoysheO.Buffer.SimpleListPool.csproj", "{0FEF7B42-507A-4CF5-8066-FAE87816B2DF}"
EndProject
Project("{FAE04EC0-301F-11D3-BF4B-00C04F79EFBC}") = "ObservableCollections", "ObservableCollections\ObservableCollections.csproj", "{A19A4ECC-6F00-42D6-800E-FBBC76DA9422}"
EndProject
Project("{FAE04EC0-301F-11D3-BF4B-00C04F79EFBC}") = "BoysheO.Extensions.Preview", "BoysheO.Extensions.Preview\BoysheO.Extensions.Preview\BoysheO.Extensions.Preview.csproj", "{03339A91-8899-468E-9DC3-76AF032C4162}"
EndProject
Project("{FAE04EC0-301F-11D3-BF4B-00C04F79EFBC}") = "BoysheO.Extensions.CustomerAttributeMeta", "BoysheO.Extensions.CustomerAttributeMeta\BoysheO.Extensions.CustomerAttributeMeta.csproj", "{B7CE708E-4580-4E03-A1F4-AB6DF4D175D9}"
EndProject
Project("{FAE04EC0-301F-11D3-BF4B-00C04F79EFBC}") = "BoysheO.Extensions.CustomerAttributeData.Test", "BoysheO.Extensions.CustomerAttributeData.Test\BoysheO.Extensions.CustomerAttributeData.Test.csproj", "{A1FED89D-049F-4E3B-A12B-2FF0A092B7D5}"
EndProject
Project("{FAE04EC0-301F-11D3-BF4B-00C04F79EFBC}") = "XY2VecExample.Benchmark", "XY2VecExample.Benchmark\XY2VecExample.Benchmark.csproj", "{7CB91098-D8F8-47FF-AF5D-16D405DDA112}"
EndProject
Project("{FAE04EC0-301F-11D3-BF4B-00C04F79EFBC}") = "XY2VecExample", "XY2VecExample\XY2VecExample.csproj", "{0BD21537-963F-46AE-9EAA-F5CB07BE3582}"
EndProject
Project("{FAE04EC0-301F-11D3-BF4B-00C04F79EFBC}") = "XY2VecExample.Test", "XY2VecExample.Test\XY2VecExample.Test.csproj", "{69911E5B-BC00-415F-AEDF-2DD7A0766DF6}"
EndProject
Project("{FAE04EC0-301F-11D3-BF4B-00C04F79EFBC}") = "UnityReactive", "UnityReactive\UnityReactive.csproj", "{F4604377-65BD-44FE-8D43-BCA0E391A254}"
EndProject
Project("{FAE04EC0-301F-11D3-BF4B-00C04F79EFBC}") = "UnityReactive.Core", "UnityReactive.Core\UnityReactive.Core.csproj", "{5857A75D-C373-4CE7-91FB-E4DE3D7C3FA9}"
EndProject
Project("{FAE04EC0-301F-11D3-BF4B-00C04F79EFBC}") = "DrawPoolString", "DrawPoolString\DrawPoolString.csproj", "{FB9EAC5F-ABCE-4C15-B03A-043B1FD8AA5E}"
EndProject
Project("{FAE04EC0-301F-11D3-BF4B-00C04F79EFBC}") = "DrawPoolString.SimpleTest", "DrawPoolString.SimpleTest\DrawPoolString.SimpleTest.csproj", "{84871C60-6269-4F33-AABA-DFF818787138}"
EndProject
Project("{FAE04EC0-301F-11D3-BF4B-00C04F79EFBC}") = "PoolArray", "PoolArray\PoolArray.csproj", "{B3B3B3A6-0778-4F09-88B9-C69962D71185}"
EndProject
Project("{FAE04EC0-301F-11D3-BF4B-00C04F79EFBC}") = "SpritePackCutter", "SpritePackCutter\SpritePackCutter.csproj", "{E7C978C9-3AD1-4A80-B922-BD79F9519484}"
EndProject
Project("{FAE04EC0-301F-11D3-BF4B-00C04F79EFBC}") = "CovertResxToCSharpCode", "CovertResxToCSharpCode\CovertResxToCSharpCode.csproj", "{59BE8D0D-BEF6-413D-ACCD-048490F70E6A}"
EndProject
Project("{FAE04EC0-301F-11D3-BF4B-00C04F79EFBC}") = "JoyConTest", "JoyConTest\JoyConTest.csproj", "{195A07B2-358A-4A1E-B748-4B449E250685}"
EndProject
Project("{FAE04EC0-301F-11D3-BF4B-00C04F79EFBC}") = "BoysheO.ProcessSystem", "BoysheO.ProcessSystem\BoysheO.ProcessSystem.csproj", "{A3F2A3AA-BEA4-4A8B-9A56-B359C76675B3}"
EndProject
Project("{FAE04EC0-301F-11D3-BF4B-00C04F79EFBC}") = "BoysheO.ProcessSystem.Test", "BoysheO.ProcessSystem.Test\BoysheO.ProcessSystem.Test.csproj", "{036CEA39-0D04-4A0F-B7BC-818BA45AFE77}"
EndProject
Global
	GlobalSection(SolutionConfigurationPlatforms) = preSolution
		Debug|Any CPU = Debug|Any CPU
		Release|Any CPU = Release|Any CPU
	EndGlobalSection
	GlobalSection(ProjectConfigurationPlatforms) = postSolution
		{7D081189-D493-4587-B230-0463854A7F46}.Debug|Any CPU.ActiveCfg = Debug|Any CPU
		{7D081189-D493-4587-B230-0463854A7F46}.Debug|Any CPU.Build.0 = Debug|Any CPU
		{7D081189-D493-4587-B230-0463854A7F46}.Release|Any CPU.ActiveCfg = Release|Any CPU
		{7D081189-D493-4587-B230-0463854A7F46}.Release|Any CPU.Build.0 = Release|Any CPU
		{2AC570CD-855C-4916-80F8-C16F39243AA0}.Debug|Any CPU.ActiveCfg = Debug|Any CPU
		{2AC570CD-855C-4916-80F8-C16F39243AA0}.Debug|Any CPU.Build.0 = Debug|Any CPU
		{2AC570CD-855C-4916-80F8-C16F39243AA0}.Release|Any CPU.ActiveCfg = Release|Any CPU
		{2AC570CD-855C-4916-80F8-C16F39243AA0}.Release|Any CPU.Build.0 = Release|Any CPU
		{425B0574-A0C9-42FB-A8B0-6C68D1C56A22}.Debug|Any CPU.ActiveCfg = Debug|Any CPU
		{425B0574-A0C9-42FB-A8B0-6C68D1C56A22}.Debug|Any CPU.Build.0 = Debug|Any CPU
		{425B0574-A0C9-42FB-A8B0-6C68D1C56A22}.Release|Any CPU.ActiveCfg = Release|Any CPU
		{425B0574-A0C9-42FB-A8B0-6C68D1C56A22}.Release|Any CPU.Build.0 = Release|Any CPU
		{2E4D7614-0F90-42D4-B343-CDE94B45DE58}.Debug|Any CPU.ActiveCfg = Release|Any CPU
		{2E4D7614-0F90-42D4-B343-CDE94B45DE58}.Debug|Any CPU.Build.0 = Release|Any CPU
		{2E4D7614-0F90-42D4-B343-CDE94B45DE58}.Release|Any CPU.ActiveCfg = Release|Any CPU
		{2E4D7614-0F90-42D4-B343-CDE94B45DE58}.Release|Any CPU.Build.0 = Release|Any CPU
		{1E1A60FF-FDDE-4AAE-B8FD-343A79199979}.Debug|Any CPU.ActiveCfg = Debug|Any CPU
		{1E1A60FF-FDDE-4AAE-B8FD-343A79199979}.Debug|Any CPU.Build.0 = Debug|Any CPU
		{1E1A60FF-FDDE-4AAE-B8FD-343A79199979}.Release|Any CPU.ActiveCfg = Release|Any CPU
		{1E1A60FF-FDDE-4AAE-B8FD-343A79199979}.Release|Any CPU.Build.0 = Release|Any CPU
		{804D73A8-1F21-4FCF-9138-997A8B4B9ADA}.Debug|Any CPU.ActiveCfg = Debug|Any CPU
		{804D73A8-1F21-4FCF-9138-997A8B4B9ADA}.Debug|Any CPU.Build.0 = Debug|Any CPU
		{804D73A8-1F21-4FCF-9138-997A8B4B9ADA}.Release|Any CPU.ActiveCfg = Release|Any CPU
		{804D73A8-1F21-4FCF-9138-997A8B4B9ADA}.Release|Any CPU.Build.0 = Release|Any CPU
		{1B8A4EFB-AE33-48D1-AEA9-643C633FCECC}.Debug|Any CPU.ActiveCfg = Debug|Any CPU
		{1B8A4EFB-AE33-48D1-AEA9-643C633FCECC}.Debug|Any CPU.Build.0 = Debug|Any CPU
		{1B8A4EFB-AE33-48D1-AEA9-643C633FCECC}.Release|Any CPU.ActiveCfg = Release|Any CPU
		{1B8A4EFB-AE33-48D1-AEA9-643C633FCECC}.Release|Any CPU.Build.0 = Release|Any CPU
		{9826423C-1F30-4B60-ABF6-4E19D3F93C04}.Debug|Any CPU.ActiveCfg = Debug|Any CPU
		{9826423C-1F30-4B60-ABF6-4E19D3F93C04}.Debug|Any CPU.Build.0 = Debug|Any CPU
		{9826423C-1F30-4B60-ABF6-4E19D3F93C04}.Release|Any CPU.ActiveCfg = Release|Any CPU
		{9826423C-1F30-4B60-ABF6-4E19D3F93C04}.Release|Any CPU.Build.0 = Release|Any CPU
		{5C1C5C26-83AE-4B09-ADA6-141A3FF367FB}.Debug|Any CPU.ActiveCfg = Debug|Any CPU
		{5C1C5C26-83AE-4B09-ADA6-141A3FF367FB}.Debug|Any CPU.Build.0 = Debug|Any CPU
		{5C1C5C26-83AE-4B09-ADA6-141A3FF367FB}.Release|Any CPU.ActiveCfg = Release|Any CPU
		{5C1C5C26-83AE-4B09-ADA6-141A3FF367FB}.Release|Any CPU.Build.0 = Release|Any CPU
		{1AEDAE67-CDA4-4FAB-875A-8441D1E57EBD}.Debug|Any CPU.ActiveCfg = Debug|Any CPU
		{1AEDAE67-CDA4-4FAB-875A-8441D1E57EBD}.Debug|Any CPU.Build.0 = Debug|Any CPU
		{1AEDAE67-CDA4-4FAB-875A-8441D1E57EBD}.Release|Any CPU.ActiveCfg = Release|Any CPU
		{1AEDAE67-CDA4-4FAB-875A-8441D1E57EBD}.Release|Any CPU.Build.0 = Release|Any CPU
		{C18A224F-157A-4815-B764-5104AC591DF7}.Debug|Any CPU.ActiveCfg = Debug|Any CPU
		{C18A224F-157A-4815-B764-5104AC591DF7}.Debug|Any CPU.Build.0 = Debug|Any CPU
		{C18A224F-157A-4815-B764-5104AC591DF7}.Release|Any CPU.ActiveCfg = Release|Any CPU
		{C18A224F-157A-4815-B764-5104AC591DF7}.Release|Any CPU.Build.0 = Release|Any CPU
		{DF017C25-E353-4D74-9EE8-33569B1A6A95}.Debug|Any CPU.ActiveCfg = Debug|Any CPU
		{DF017C25-E353-4D74-9EE8-33569B1A6A95}.Debug|Any CPU.Build.0 = Debug|Any CPU
		{DF017C25-E353-4D74-9EE8-33569B1A6A95}.Release|Any CPU.ActiveCfg = Release|Any CPU
		{DF017C25-E353-4D74-9EE8-33569B1A6A95}.Release|Any CPU.Build.0 = Release|Any CPU
		{41FF60DC-5E63-4942-A268-4A6650D07077}.Debug|Any CPU.ActiveCfg = Release|Any CPU
		{41FF60DC-5E63-4942-A268-4A6650D07077}.Debug|Any CPU.Build.0 = Release|Any CPU
		{41FF60DC-5E63-4942-A268-4A6650D07077}.Release|Any CPU.ActiveCfg = Release|Any CPU
		{41FF60DC-5E63-4942-A268-4A6650D07077}.Release|Any CPU.Build.0 = Release|Any CPU
		{27A937FC-3C71-43FB-8244-9C43077E3B32}.Debug|Any CPU.ActiveCfg = Debug|Any CPU
		{27A937FC-3C71-43FB-8244-9C43077E3B32}.Debug|Any CPU.Build.0 = Debug|Any CPU
		{27A937FC-3C71-43FB-8244-9C43077E3B32}.Release|Any CPU.ActiveCfg = Release|Any CPU
		{27A937FC-3C71-43FB-8244-9C43077E3B32}.Release|Any CPU.Build.0 = Release|Any CPU
		{2CA50171-5432-4A2B-AA37-797547BF17B7}.Debug|Any CPU.ActiveCfg = Debug|Any CPU
		{2CA50171-5432-4A2B-AA37-797547BF17B7}.Debug|Any CPU.Build.0 = Debug|Any CPU
		{2CA50171-5432-4A2B-AA37-797547BF17B7}.Release|Any CPU.ActiveCfg = Release|Any CPU
		{2CA50171-5432-4A2B-AA37-797547BF17B7}.Release|Any CPU.Build.0 = Release|Any CPU
		{93659DEA-A411-4527-A101-89CEED2DDB7D}.Debug|Any CPU.ActiveCfg = Debug|Any CPU
		{93659DEA-A411-4527-A101-89CEED2DDB7D}.Debug|Any CPU.Build.0 = Debug|Any CPU
		{93659DEA-A411-4527-A101-89CEED2DDB7D}.Release|Any CPU.ActiveCfg = Release|Any CPU
		{93659DEA-A411-4527-A101-89CEED2DDB7D}.Release|Any CPU.Build.0 = Release|Any CPU
		{7596C02D-DB09-4B01-A7B6-E0A44972A0AC}.Debug|Any CPU.ActiveCfg = Debug|Any CPU
		{7596C02D-DB09-4B01-A7B6-E0A44972A0AC}.Debug|Any CPU.Build.0 = Debug|Any CPU
		{7596C02D-DB09-4B01-A7B6-E0A44972A0AC}.Release|Any CPU.ActiveCfg = Release|Any CPU
		{7596C02D-DB09-4B01-A7B6-E0A44972A0AC}.Release|Any CPU.Build.0 = Release|Any CPU
		{0FEF7B42-507A-4CF5-8066-FAE87816B2DF}.Debug|Any CPU.ActiveCfg = Debug|Any CPU
		{0FEF7B42-507A-4CF5-8066-FAE87816B2DF}.Debug|Any CPU.Build.0 = Debug|Any CPU
		{0FEF7B42-507A-4CF5-8066-FAE87816B2DF}.Release|Any CPU.ActiveCfg = Release|Any CPU
		{0FEF7B42-507A-4CF5-8066-FAE87816B2DF}.Release|Any CPU.Build.0 = Release|Any CPU
		{A19A4ECC-6F00-42D6-800E-FBBC76DA9422}.Debug|Any CPU.ActiveCfg = Debug|Any CPU
		{A19A4ECC-6F00-42D6-800E-FBBC76DA9422}.Debug|Any CPU.Build.0 = Debug|Any CPU
		{A19A4ECC-6F00-42D6-800E-FBBC76DA9422}.Release|Any CPU.ActiveCfg = Release|Any CPU
		{A19A4ECC-6F00-42D6-800E-FBBC76DA9422}.Release|Any CPU.Build.0 = Release|Any CPU
		{03339A91-8899-468E-9DC3-76AF032C4162}.Debug|Any CPU.ActiveCfg = Debug|Any CPU
		{03339A91-8899-468E-9DC3-76AF032C4162}.Debug|Any CPU.Build.0 = Debug|Any CPU
		{03339A91-8899-468E-9DC3-76AF032C4162}.Release|Any CPU.ActiveCfg = Release|Any CPU
		{03339A91-8899-468E-9DC3-76AF032C4162}.Release|Any CPU.Build.0 = Release|Any CPU
		{B7CE708E-4580-4E03-A1F4-AB6DF4D175D9}.Debug|Any CPU.ActiveCfg = Debug|Any CPU
		{B7CE708E-4580-4E03-A1F4-AB6DF4D175D9}.Debug|Any CPU.Build.0 = Debug|Any CPU
		{B7CE708E-4580-4E03-A1F4-AB6DF4D175D9}.Release|Any CPU.ActiveCfg = Release|Any CPU
		{B7CE708E-4580-4E03-A1F4-AB6DF4D175D9}.Release|Any CPU.Build.0 = Release|Any CPU
		{A1FED89D-049F-4E3B-A12B-2FF0A092B7D5}.Debug|Any CPU.ActiveCfg = Debug|Any CPU
		{A1FED89D-049F-4E3B-A12B-2FF0A092B7D5}.Debug|Any CPU.Build.0 = Debug|Any CPU
		{A1FED89D-049F-4E3B-A12B-2FF0A092B7D5}.Release|Any CPU.ActiveCfg = Release|Any CPU
		{A1FED89D-049F-4E3B-A12B-2FF0A092B7D5}.Release|Any CPU.Build.0 = Release|Any CPU
		{7CB91098-D8F8-47FF-AF5D-16D405DDA112}.Debug|Any CPU.ActiveCfg = Debug|Any CPU
		{7CB91098-D8F8-47FF-AF5D-16D405DDA112}.Debug|Any CPU.Build.0 = Debug|Any CPU
		{7CB91098-D8F8-47FF-AF5D-16D405DDA112}.Release|Any CPU.ActiveCfg = Release|Any CPU
		{7CB91098-D8F8-47FF-AF5D-16D405DDA112}.Release|Any CPU.Build.0 = Release|Any CPU
		{0BD21537-963F-46AE-9EAA-F5CB07BE3582}.Debug|Any CPU.ActiveCfg = Debug|Any CPU
		{0BD21537-963F-46AE-9EAA-F5CB07BE3582}.Debug|Any CPU.Build.0 = Debug|Any CPU
		{0BD21537-963F-46AE-9EAA-F5CB07BE3582}.Release|Any CPU.ActiveCfg = Release|Any CPU
		{0BD21537-963F-46AE-9EAA-F5CB07BE3582}.Release|Any CPU.Build.0 = Release|Any CPU
		{69911E5B-BC00-415F-AEDF-2DD7A0766DF6}.Debug|Any CPU.ActiveCfg = Debug|Any CPU
		{69911E5B-BC00-415F-AEDF-2DD7A0766DF6}.Debug|Any CPU.Build.0 = Debug|Any CPU
		{69911E5B-BC00-415F-AEDF-2DD7A0766DF6}.Release|Any CPU.ActiveCfg = Release|Any CPU
		{69911E5B-BC00-415F-AEDF-2DD7A0766DF6}.Release|Any CPU.Build.0 = Release|Any CPU
		{F4604377-65BD-44FE-8D43-BCA0E391A254}.Debug|Any CPU.ActiveCfg = Debug|Any CPU
		{F4604377-65BD-44FE-8D43-BCA0E391A254}.Debug|Any CPU.Build.0 = Debug|Any CPU
		{F4604377-65BD-44FE-8D43-BCA0E391A254}.Release|Any CPU.ActiveCfg = Release|Any CPU
		{F4604377-65BD-44FE-8D43-BCA0E391A254}.Release|Any CPU.Build.0 = Release|Any CPU
		{5857A75D-C373-4CE7-91FB-E4DE3D7C3FA9}.Debug|Any CPU.ActiveCfg = Debug|Any CPU
		{5857A75D-C373-4CE7-91FB-E4DE3D7C3FA9}.Debug|Any CPU.Build.0 = Debug|Any CPU
		{5857A75D-C373-4CE7-91FB-E4DE3D7C3FA9}.Release|Any CPU.ActiveCfg = Release|Any CPU
		{5857A75D-C373-4CE7-91FB-E4DE3D7C3FA9}.Release|Any CPU.Build.0 = Release|Any CPU
		{FB9EAC5F-ABCE-4C15-B03A-043B1FD8AA5E}.Debug|Any CPU.ActiveCfg = Debug|Any CPU
		{FB9EAC5F-ABCE-4C15-B03A-043B1FD8AA5E}.Debug|Any CPU.Build.0 = Debug|Any CPU
		{FB9EAC5F-ABCE-4C15-B03A-043B1FD8AA5E}.Release|Any CPU.ActiveCfg = Release|Any CPU
		{FB9EAC5F-ABCE-4C15-B03A-043B1FD8AA5E}.Release|Any CPU.Build.0 = Release|Any CPU
		{84871C60-6269-4F33-AABA-DFF818787138}.Debug|Any CPU.ActiveCfg = Debug|Any CPU
		{84871C60-6269-4F33-AABA-DFF818787138}.Debug|Any CPU.Build.0 = Debug|Any CPU
		{84871C60-6269-4F33-AABA-DFF818787138}.Release|Any CPU.ActiveCfg = Release|Any CPU
		{84871C60-6269-4F33-AABA-DFF818787138}.Release|Any CPU.Build.0 = Release|Any CPU
		{B3B3B3A6-0778-4F09-88B9-C69962D71185}.Debug|Any CPU.ActiveCfg = Debug|Any CPU
		{B3B3B3A6-0778-4F09-88B9-C69962D71185}.Debug|Any CPU.Build.0 = Debug|Any CPU
		{B3B3B3A6-0778-4F09-88B9-C69962D71185}.Release|Any CPU.ActiveCfg = Release|Any CPU
		{B3B3B3A6-0778-4F09-88B9-C69962D71185}.Release|Any CPU.Build.0 = Release|Any CPU
		{E7C978C9-3AD1-4A80-B922-BD79F9519484}.Debug|Any CPU.ActiveCfg = Debug|Any CPU
		{E7C978C9-3AD1-4A80-B922-BD79F9519484}.Debug|Any CPU.Build.0 = Debug|Any CPU
		{E7C978C9-3AD1-4A80-B922-BD79F9519484}.Release|Any CPU.ActiveCfg = Release|Any CPU
		{E7C978C9-3AD1-4A80-B922-BD79F9519484}.Release|Any CPU.Build.0 = Release|Any CPU
		{59BE8D0D-BEF6-413D-ACCD-048490F70E6A}.Debug|Any CPU.ActiveCfg = Debug|Any CPU
		{59BE8D0D-BEF6-413D-ACCD-048490F70E6A}.Debug|Any CPU.Build.0 = Debug|Any CPU
		{59BE8D0D-BEF6-413D-ACCD-048490F70E6A}.Release|Any CPU.ActiveCfg = Release|Any CPU
		{59BE8D0D-BEF6-413D-ACCD-048490F70E6A}.Release|Any CPU.Build.0 = Release|Any CPU
		{195A07B2-358A-4A1E-B748-4B449E250685}.Debug|Any CPU.ActiveCfg = Debug|Any CPU
		{195A07B2-358A-4A1E-B748-4B449E250685}.Debug|Any CPU.Build.0 = Debug|Any CPU
		{195A07B2-358A-4A1E-B748-4B449E250685}.Release|Any CPU.ActiveCfg = Release|Any CPU
		{195A07B2-358A-4A1E-B748-4B449E250685}.Release|Any CPU.Build.0 = Release|Any CPU
		{A3F2A3AA-BEA4-4A8B-9A56-B359C76675B3}.Debug|Any CPU.ActiveCfg = Debug|Any CPU
		{A3F2A3AA-BEA4-4A8B-9A56-B359C76675B3}.Debug|Any CPU.Build.0 = Debug|Any CPU
		{A3F2A3AA-BEA4-4A8B-9A56-B359C76675B3}.Release|Any CPU.ActiveCfg = Release|Any CPU
		{A3F2A3AA-BEA4-4A8B-9A56-B359C76675B3}.Release|Any CPU.Build.0 = Release|Any CPU
		{036CEA39-0D04-4A0F-B7BC-818BA45AFE77}.Debug|Any CPU.ActiveCfg = Debug|Any CPU
		{036CEA39-0D04-4A0F-B7BC-818BA45AFE77}.Debug|Any CPU.Build.0 = Debug|Any CPU
		{036CEA39-0D04-4A0F-B7BC-818BA45AFE77}.Release|Any CPU.ActiveCfg = Release|Any CPU
		{036CEA39-0D04-4A0F-B7BC-818BA45AFE77}.Release|Any CPU.Build.0 = Release|Any CPU
	EndGlobalSection
	GlobalSection(SolutionProperties) = preSolution
		HideSolutionNode = FALSE
	EndGlobalSection
	GlobalSection(NestedProjects) = preSolution
		{9826423C-1F30-4B60-ABF6-4E19D3F93C04} = {56BAB76C-23F6-449F-BDAD-381988174FFE}
		{5C1C5C26-83AE-4B09-ADA6-141A3FF367FB} = {56BAB76C-23F6-449F-BDAD-381988174FFE}
		{1AEDAE67-CDA4-4FAB-875A-8441D1E57EBD} = {56BAB76C-23F6-449F-BDAD-381988174FFE}
		{03339A91-8899-468E-9DC3-76AF032C4162} = {56BAB76C-23F6-449F-BDAD-381988174FFE}
	EndGlobalSection
	GlobalSection(ExtensibilityGlobals) = postSolution
		SolutionGuid = {8DB854A6-F0F1-49EB-BF2B-D067EF5339F3}
	EndGlobalSection
EndGlobal
